Microsoft Visual Studio Solution File, Format Version 12.00
# Visual Studio Version 17
VisualStudioVersion = 17.5.2.0
MinimumVisualStudioVersion = 10.0.40219.1
Project("{FAE04EC0-301F-11D3-BF4B-00C04F79EFBC}") = "Sage50c.WebAPI", "Sage50c.WebAPI.csproj", "{F20F8671-F212-F854-D526-5A3D797CD435}"
EndProject
Global
	GlobalSection(SolutionConfigurationPlatforms) = preSolution
		Debug|Any CPU = Debug|Any CPU
		Release|Any CPU = Release|Any CPU
	EndGlobalSection
	GlobalSection(ProjectConfigurationPlatforms) = postSolution
		{F20F8671-F212-F854-D526-5A3D797CD435}.Debug|Any CPU.ActiveCfg = Debug|Any CPU
		{F20F8671-F212-F854-D526-5A3D797CD435}.Debug|Any CPU.Build.0 = Debug|Any CPU
		{F20F8671-F212-F854-D526-5A3D797CD435}.Release|Any CPU.ActiveCfg = Release|Any CPU
		{F20F8671-F212-F854-D526-5A3D797CD435}.Release|Any CPU.Build.0 = Release|Any CPU
	EndGlobalSection
	GlobalSection(SolutionProperties) = preSolution
		HideSolutionNode = FALSE
	EndGlobalSection
	GlobalSection(ExtensibilityGlobals) = postSolution
		SolutionGuid = {D1E1417E-9A66-47C1-A2CA-C98640402025}
	EndGlobalSection
EndGlobal
